
Microsoft Visual Studio Solution File, Format Version 12.00
# Visual Studio 15
VisualStudioVersion = 15.0.28307.645
MinimumVisualStudioVersion = 10.0.40219.1
Project("{FAE04EC0-301F-11D3-BF4B-00C04F79EFBC}") = "XiaShu", "XiaShu\XiaShu.csproj", "{B3D6656E-6948-4987-BD49-107568BF99F2}"
EndProject
Global
	GlobalSection(SolutionConfigurationPlatforms) = preSolution
		Debug|Any CPU = Debug|Any CPU
		Release|Any CPU = Release|Any CPU
	EndGlobalSection
	GlobalSection(ProjectConfigurationPlatforms) = postSolution
		{B3D6656E-6948-4987-BD49-107568BF99F2}.Debug|Any CPU.ActiveCfg = Debug|Any CPU
		{B3D6656E-6948-4987-BD49-107568BF99F2}.Debug|Any CPU.Build.0 = Debug|Any CPU
		{B3D6656E-6948-4987-BD49-107568BF99F2}.Release|Any CPU.ActiveCfg = Release|Any CPU
		{B3D6656E-6948-4987-BD49-107568BF99F2}.Release|Any CPU.Build.0 = Release|Any CPU
	EndGlobalSection
	GlobalSection(SolutionProperties) = preSolution
		HideSolutionNode = FALSE
	EndGlobalSection
	GlobalSection(ExtensibilityGlobals) = postSolution
		SolutionGuid = {0C3C94AB-CB6F-48D7-9A34-F1F510EDA145}
	EndGlobalSection
EndGlobal
